Microsoft Visual Studio Solution File, Format Version 12.00
# Visual Studio Version 17
VisualStudioVersion = 17.5.2.0
MinimumVisualStudioVersion = 10.0.40219.1
Project("{FAE04EC0-301F-11D3-BF4B-00C04F79EFBC}") = "StudentManagementAPI", "StudentManagementAPI.csproj", "{6AE9183B-B87D-C488-EADB-046B910E9BD0}"
EndProject
Global
	GlobalSection(SolutionConfigurationPlatforms) = preSolution
		Debug|Any CPU = Debug|Any CPU
		Release|Any CPU = Release|Any CPU
	EndGlobalSection
	GlobalSection(ProjectConfigurationPlatforms) = postSolution
		{6AE9183B-B87D-C488-EADB-046B910E9BD0}.Debug|Any CPU.ActiveCfg = Debug|Any CPU
		{6AE9183B-B87D-C488-EADB-046B910E9BD0}.Debug|Any CPU.Build.0 = Debug|Any CPU
		{6AE9183B-B87D-C488-EADB-046B910E9BD0}.Release|Any CPU.ActiveCfg = Release|Any CPU
		{6AE9183B-B87D-C488-EADB-046B910E9BD0}.Release|Any CPU.Build.0 = Release|Any CPU
	EndGlobalSection
	GlobalSection(SolutionProperties) = preSolution
		HideSolutionNode = FALSE
	EndGlobalSection
	GlobalSection(ExtensibilityGlobals) = postSolution
		SolutionGuid = {921854D3-614F-4936-A8B7-C2E59464346B}
	EndGlobalSection
EndGlobal
